{
    "_meta": {
        "hash": {
            "sha256": "9bf5a3c8a4db0920d380175b51a9123a5e1abfb2bc304c9974e16afbbf2dc087"
        },
        "pipfile-spec": 6,
        "requires": {
            "python_version": "3.10"
        },
        "sources": [
            {
                "name": "pypi",
                "url": "https://pypi.org/simple",
                "verify_ssl": true
            }
        ]
    },
    "default": {
        "adafruit-blinka": {
            "hashes": [
                "sha256:54bb4e5c8d77f2e2efa8ff9784b933142cf4324e3bd00adf6824043d771297f8",
                "sha256:ed14d50bee5b09a707eda4ed0f4e3788353fd7283b5d014d53bcfaeb6f600563"
            ],
            "markers": "python_full_version >= '3.7.0'",
            "version": "==8.67.0"
        },
        "adafruit-circuitpython-busdevice": {
            "hashes": [
                "sha256:377f4d9c6b7ac256a0c686fe3d88bb2d10873cec992ff7805c8719a474e92127",
                "sha256:e7d049a2dc6a3fc9245e154d66725efeb190a61e7d192fbc8f96f3b76fe1fc77"
            ],
            "version": "==5.2.14"
        },
        "adafruit-circuitpython-connectionmanager": {
            "hashes": [
                "sha256:83c7eafa294fc6e889076d1ba8a7ff902e29d062977d3602078b1594868b7042",
                "sha256:daa41f7675533fbb451c0f522c894911dd003f67b26f0e7be832f2e240ba28b4"
            ],
            "version": "==3.1.6"
        },
        "adafruit-circuitpython-ra8875": {
            "hashes": [
                "sha256:53796a8021183316b7129ac53cefeae72c5e42dada25684e26114289168e451e",
                "sha256:573a2a238727f50b914c5a408b9051f84213daf10b7cbcd91fc133a1c17f1729"
            ],
            "index": "pypi",
            "version": "==3.1.26"
        },
        "adafruit-circuitpython-requests": {
            "hashes": [
                "sha256:409cb1c9304a0ce0a4b2f64d572400007849f6972f92a4b08ebfe35a532761e7",
                "sha256:62c6e44d23e8dfdc24f1f33464953019a9d88853b29fa471ac00200d4fa3e8ff"
            ],
            "version": "==4.1.15"
        },
        "adafruit-circuitpython-typing": {
            "hashes": [
                "sha256:63f196f834e47842bcd4cf8c37aaa0c61e1aeb5d07f056c875fc3016cda91a12",
                "sha256:f6d0a02150e1e4efb5a2c2945b88d948809fdb465875f39947108b8467c986d9"
            ],
            "markers": "python_version >= '3.8'",
            "version": "==1.12.3"
        },
        "adafruit-platformdetect": {
            "hashes": [
                "sha256:2ed292fd292e3487db53c261e2879ae1831c607a8eb947beea20df6b5d24e42b",
                "sha256:53a9e34f32c48d7cd4b6a4497a0e4e07e05d5101cea055d60240ba8a3a0f06d8"
            ],
            "version": "==3.84.1"
        },
        "adafruit-pureio": {
            "hashes": [
                "sha256:281ab2099372cc0decc26326918996cbf21b8eed694ec4764d51eefa029d324e",
                "sha256:c4cfbb365731942d1f1092a116f47dfdae0aef18c5b27f1072b5824ad5ea8c7c"
            ],
            "markers": "python_full_version >= '3.5.0'",
            "version": "==1.1.11"
        },
        "binho-host-adapter": {
            "hashes": [
                "sha256:1e6da7a84e208c13b5f489066f05774bff1d593d0f5bf1ca149c2b8e83eae856",
                "sha256:f71ca176c1e2fc1a5dce128beb286da217555c6c7c805f2ed282a6f3507ec277"
            ],
            "version": "==0.1.6"
        },
        "pyftdi": {
            "hashes": [
                "sha256:efd3f5a7d43202dc883ff261a7b1cb4dcbbe65b19628f8603a8b1183a7bc2841"
            ],
            "markers": "python_version >= '3.9'",
            "version": "==0.57.1"
        },
        "pygame": {
            "hashes": [
                "sha256:00827aba089355925902d533f9c41e79a799641f03746c50a374dc5c3362e43d",
                "sha256:10e3d2a55f001f6c0a6eb44aa79ea7607091c9352b946692acedb2ac1482f1c9",
                "sha256:1206125f14cae22c44565c9d333607f1d9f59487b1f1432945dfc809aeaa3e88",
                "sha256:14f9dda45469b254c0f15edaaeaa85d2cc072ff6a83584a265f5d684c7f7efd8",
                "sha256:15efaa11a80a65dd589a95bebe812fa5bfc7e14946b638a424c5bd9ac6cca1a4",
                "sha256:163e66de169bd5670c86e27d0b74aad0d2d745e3b63cf4e7eb5b2bff1231ca8d",
                "sha256:173badf82fa198e6888017bea40f511cb28e69ecdd5a72b214e81e4dcd66c3b1",
                "sha256:17498a2b043bc0e795faedef1b081199c688890200aef34991c1941caa2d2c89",
                "sha256:20349195326a5e82a16e351ed93465a7845a7e2a9af55b7bc1b2110ea3e344e1",
                "sha256:21160d9093533eb831f1b708e630706e5ac16b30750571ec27bc3b8364814f38",
                "sha256:27eb17e3dc9640e4b4683074f1890e2e879827447770470c2aba9f125f74510b",
                "sha256:28b43190436037e428a5be28fc80cf6615304fd528009f2c688cc828f4ff104b",
                "sha256:2a3a1288e2e9b1e5834e425bedd5ba01a3cd4902b5c2bff8ed4a740ccfe98171",
                "sha256:2a615d78b2364e86f541458ff41c2a46181b9a1e9eabd97b389282fdf04efbb3",
                "sha256:325a84d072d52e3c2921eff02f87c6a74b7e77d71db3bdf53801c6c975f1b6c4",
                "sha256:33006f784e1c7d7e466fcb61d5489da59cc5f7eb098712f792a225df1d4e229d",
                "sha256:3a9e7396be0d9633831c3f8d5d82dd63ba373ad65599628294b7a4f8a5a01a65",
                "sha256:3acd8c009317190c2bfd81db681ecef47d5eb108c2151d09596d9c7ea9df5c0e",
                "sha256:3bede70ec708057e305815d6546012669226d1d80566785feca9b044216062e7",
                "sha256:481cfe1bdbb7fe00acc5950c494c26f00240888619bdc396fc8c39a734797432",
                "sha256:4a8ea113b1bf627322a025a1a5a87e3818a7f55ab3a4077ff1ae5c8c60576614",
                "sha256:4c1623180e70a03c4a734deb9bac50fc9c82942ae84a3a220779062128e75f3b",
                "sha256:4ee7f2771f588c966fa2fa8b829be26698c9b4836f82ede5e4edc1a68594942e",
                "sha256:56fb02ead529cee00d415c3e007f75e0780c655909aaa8e8bf616ee09c9feb1f",
                "sha256:56ffca6059b165bbf64f4b4be23b8068f6a0e220780e4f96ec0bb5ac3c63ec39",
                "sha256:5d09fd950725d187aa5207c0cb8eb9ab0d2f8ce9ab8d189c30eeb470e71b617e",
                "sha256:6582aa71a681e02e55d43150a9ab41394e6bf4d783d2962a10aea58f424be060",
                "sha256:7103c60939bbc1e05cfc7ba3f1d2ad3bbf103b7828b82a7166a9ab6f51950146",
                "sha256:7bffdd3eaf394d9645331d1c3a5df9d782ebcc3c5a78f3b657c7879a828dd111",
                "sha256:811e7b925146d8149d79193652cbb83e0eca0aae66476b1cb310f0f4226b8b5c",
                "sha256:813af4fba5d0b2cb8e58f5d95f7910295c34067dcc290d34f1be59c48bd1ea6a",
                "sha256:816e85000c5d8b02a42b9834f761a5925ef3377d2924e3a7c4c143d2990ce5b8",
                "sha256:818b4eaec9c4acb6ac64805d4ca8edd4062bebca77bd815c18739fe2842c97e9",
                "sha256:84fc4054e25262140d09d39e094f6880d730199710829902f0d8ceae0213379e",
                "sha256:8a78fd030d98faab4a8e27878536fdff7518d3e062a72761c552f624ebba5a5f",
                "sha256:91476902426facd4bb0dad4dc3b2573bc82c95c71b135e0daaea072ed528d299",
                "sha256:94afd1177680d92f9214c54966ad3517d18210c4fbc5d84a0192d218e93647e0",
                "sha256:97ac4e13847b6b293ecaffa5ffce9886c98d09c03309406931cc592f0cea6366",
                "sha256:9beeb647e555afb5657111fa83acb74b99ad88761108eaea66472e8b8547b55b",
                "sha256:9dd5c054d4bd875a8caf978b82672f02bec332f52a833a76899220c460bb4b58",
                "sha256:a1bf7ab5311bbced70320f1a56701650b4c18231343ae5af42111eea91e0949a",
                "sha256:a4b8f04fceddd9a3ac30778d11f0254f59efcd1c382d5801271113cea8b4f2f3",
                "sha256:a620883d589926f157b8f1d1f543183ac52e5c30507dea445e3927ae0bee1c54",
                "sha256:ac3f033d2be4a9e23660a96afe2986df3a6916227538a6a0061bc218c5088507",
                "sha256:ae6039f3a55d800db80e8010f387557b528d34d534435e0871326804df2a62f2",
                "sha256:b46e68cd168f44d0224c670bb72186688fc692d7079715f79d04096757d703d0",
                "sha256:b7f9f8e6f76de36f4725175d686601214af362a4f30614b4dae2240198e72e6f",
                "sha256:bbb7167c92103a2091366e9af26d4914ba3776666e8677d3c93551353fffa626",
                "sha256:c0b11356ac96261162d54a2c2b41a41978f00525631b01ec9c4fe26b01c66595",
                "sha256:c31dbdb5d0217f32764797d21c2752e258e5fb7e895326538d82b5f75a0cd856",
                "sha256:c47a6938de93fa610accd4969e638c2aebcb29b2fca518a84c3a39d91ab47116",
                "sha256:c8040ea2ab18c6b255af706ec01355c8a6b08dc48d77fd4ee783f8fc46a843bf",
                "sha256:ce8cc108b92de9b149b344ad2e25eedbe773af0dc41dfb24d1f07f679b558c60",
                "sha256:d1a7f2b66ac2e4c9583b6d4c6d6f346fb10a3392c04163f537061f86a448ed5c",
                "sha256:d29eb9a93f12aa3d997b6e3c447ac85b2a4b142ab2548441523a8fcf5e216042",
                "sha256:da3ad64d685f84a34ebe5daacb39fff14f1251acb34c098d760d63fee768f50c",
                "sha256:ef07c0103d79492c21fced9ad68c11c32efa6801ca1920ebfd0f15fb46c78b1c",
                "sha256:f3935459109da4bb0b3901da9904f0a3e52028a3332a355d298b1673a334cf21",
                "sha256:f84f15d146d6aa93254008a626c56ef96fed276006202881a47b29757f0cd65a",
                "sha256:fb6e8d0547f30ddc845f4fd1e33070ef548233ad0dbf21f7ecea768883d1bbdc"
            ],
            "index": "pypi",
            "version": "==2.6.1"
        },
        "pyserial": {
            "hashes": [
                "sha256:3c77e014170dfffbd816e6ffc205e9842efb10be9f58ec16d3e8675b4925cddb",
                "sha256:c4451db6ba391ca6ca299fb3ec7bae67a5c55dde170964c7a14ceefec02f2cf0"
            ],
            "version": "==3.5"
        },
        "pyusb": {
            "hashes": [
                "sha256:3af070b607467c1c164f49d5b0caabe8ac78dbed9298d703a8dbf9df4052d17e",
                "sha256:bf9b754557af4717fe80c2b07cc2b923a9151f5c08d17bdb5345dac09d6a0430"
            ],
            "markers": "python_full_version >= '3.9.0'",
            "version": "==1.3.1"
        },
        "sysv-ipc": {
            "hashes": [
                "sha256:0f063cbd36ec232032e425769ebc871f195a7d183b9af32f9901589ea7129ac3",
                "sha256:30611dccecd8fa0dc9f83d4d465e5047692df0ec9a095abef8b90ccc64afbdaf",
                "sha256:4bbbe4e5ad5ab859e6d21fc8ff3e3b01082b959fa5c2cd76289dbcd56350c5f9",
                "sha256:61190b934b0277f7a189092dcabceee8d9736fd73de90fd9b50ea69f0bac4723",
                "sha256:ff6e3c98d8aa3e1ae5378d86869c4699c76f94318705d08085c97fb010770a31"
            ],
            "markers": "sys_platform == 'linux' and platform_machine != 'mips'",
            "version": "==1.1.0"
        },
        "toml": {
            "hashes": [
                "sha256:806143ae5bfb6a3c6e736a764057db0e6a0e05e338b5630894a5f779cabb4f9b",
                "sha256:b3bda1d108d5dd99f4a20d24d9c348e91c4db7ab1b749200bded2f839ccbe68f"
            ],
            "markers": "python_version < '3.11'",
            "version": "==0.10.2"
        },
        "typing-extensions": {
            "hashes": [
                "sha256:0cea48d173cc12fa28ecabc3b837ea3cf6f38c6d1136f85cbaaf598984861466",
                "sha256:f0fa19c6845758ab08074a0cfa8b7aecb71c999ca73d62883bc25cc018c4e548"
            ],
            "markers": "python_version >= '3.9'",
            "version": "==4.15.0"
        }
    },
    "develop": {}
}
